ee-anti-error
ee-pivots-conceder
ee-pivots-conclure
ee-pivots-illustrer
ee-pivots-index
ee-pivots-introduire-argument
ee-pivots-nuancer
ee-pivots-ouvrir
ee-pivots-refuter
ee-rubric
ee-t1-001
ee-t1-002
ee-t1-003
ee-t2-001
ee-t2-002
ee-t2-003
ee-t3-001
ee-t3-002
ee-t3-003
ee-templates-index
ee-tmpl-t1-01
ee-tmpl-t1-02
ee-tmpl-t1-03
ee-tmpl-t1-04
ee-tmpl-t1-05
ee-tmpl-t1-06
ee-tmpl-t2-01
ee-tmpl-t2-02
ee-tmpl-t2-03
ee-tmpl-t2-04
ee-tmpl-t2-05
ee-tmpl-t2-06
ee-tmpl-t3-01
ee-tmpl-t3-02
ee-tmpl-t3-03
ee-tmpl-t3-04
ee-tmpl-t3-05
ee-tmpl-t3-06
writing-index
