ce-partial-01
co-partial-01
ee-partial-01
eo-partial-01
mock-01-answer-key-ce
mock-01-ce-items
mock-01-co-a1-a2
mock-01-co-answer-key
mock-01-co-b1
mock-01-co-b2
mock-01-co-c1-c2
mock-01-ee-models-t1
mock-01-ee-models-t2
mock-01-ee-models-t3
mock-01-ee-prompts
mock-01-eo-models-t1
mock-01-eo-models-t2
mock-01-eo-models-t3
mock-01-eo-prompts
mock-01-instructions
mock-01-post-diagnostic
mock-01-score-calculator
mock-02-ce-answer-key
mock-02-ce-items
mock-02-co-a1-a2
mock-02-co-answer-key
mock-02-co-b1
mock-02-co-b2
mock-02-co-c1-c2
mock-02-ee-models-t1
mock-02-ee-models-t2
mock-02-ee-models-t3
mock-02-ee-prompts
mock-02-eo-models-t1
mock-02-eo-models-t2
mock-02-eo-models-t3
mock-02-eo-prompts
mock-02-instructions
mock-02-post-diagnostic
mock-02-score-calculator
mock-03-ce-items
mock-03-co-items
mock-03-ee-prompts
mock-03-eo-prompts
mock-03-instructions
mock-03-post-diagnostic
mock-03-score-calculator
mock-04-ce-items
mock-04-co-items
mock-04-ee-prompts
mock-04-eo-prompts
mock-04-instructions
mock-04-post-diagnostic
mock-04-score-calculator
mock-diagnostic-protocol
mock-diagnostic-template
mock-index
mock-partials-index
