gram-b1-01
gram-b1-02
gram-b1-03
gram-b1-04
gram-b1-05
gram-b1-06
gram-b1-07
gram-b1-08
gram-b1-09
gram-b1-10
gram-b1-11
gram-b1-12
gram-b1-13
gram-b1-14
gram-b1-15
gram-b2-01
gram-b2-02
gram-b2-03
gram-b2-04
gram-b2-05
gram-b2-06
gram-b2-07
gram-b2-08
gram-b2-09
gram-b2-10
gram-b2-11
gram-b2-12
gram-b2-13
gram-b2-14
gram-b2-15
gram-b2-16
gram-b2-17
gram-b2-18
gram-b2-19
gram-b2-20
gram-b2-21
gram-b2-22
gram-b2-23
gram-b2-24
gram-b2-canary-01
gram-c1-01
gram-c1-02
gram-c1-03
gram-c1-04
gram-c1-05
gram-c1-06
gram-c1-07
gram-c1-08
gram-c1-09
gram-c1-10
gram-c1-11
gram-c1-12
gram-c1-13
gram-c1-14
gram-c1-15
gram-c2-01
gram-c2-02
gram-c2-03
gram-c2-04
gram-c2-05
gram-c2-06
gram-c2-07
gram-c2-08
gram-c2-09
gram-c2-10
grammar-index
