co-a1-001
co-a1-002
co-a1-003
co-a1-004
co-a1-005
co-a1-006
co-a2-001
co-a2-002
co-a2-003
co-a2-004
co-a2-005
co-a2-006
co-a2-007
co-a2-008
co-a2-009
co-b1-001
co-b1-002
co-b1-003
co-b1-004
co-b1-005
co-b1-006
co-b1-007
co-b1-008
co-b1-009
co-b1-010
co-b1-011
co-b1-012
co-b1-canary-01
co-b2-001
co-b2-002
co-b2-003
co-b2-004
co-b2-005
co-b2-006
co-b2-007
co-b2-008
co-b2-009
co-b2-010
co-b2-011
co-b2-012
co-b2-013
co-b2-014
co-b2-015
co-c1-001
co-c1-002
co-c1-003
co-c1-004
co-c1-005
co-c1-006
co-c1-007
co-c1-008
co-c1-009
co-c1-010
co-c1-011
co-c1-012
co-c1-013
co-c1-014
co-c1-015
co-c2-001
co-c2-002
co-c2-003
listening-index
strategy-co-01
