ce-a1-001
ce-a1-002
ce-a1-003
ce-a2-001
ce-a2-002
ce-a2-003
ce-a2-004
ce-a2-005
ce-a2-006
ce-a2-007
ce-b1-001
ce-b1-002
ce-b1-003
ce-b1-004
ce-b1-005
ce-b1-006
ce-b1-007
ce-b1-008
ce-b1-009
ce-b1-010
ce-b1-011
ce-b2-001
ce-b2-002
ce-b2-003
ce-b2-004
ce-b2-005
ce-b2-006
ce-b2-007
ce-b2-008
ce-b2-009
ce-b2-010
ce-b2-011
ce-b2-012
ce-b2-013
ce-b2-014
ce-b2-015
ce-b2-016
ce-b2-017
ce-b2-018
ce-b2-019
ce-b2-020
ce-b2-021
ce-b2-022
ce-b2-023
ce-b2-024
ce-b2-025
ce-c1-001
ce-c1-002
ce-c1-003
ce-c1-004
ce-c1-005
ce-c1-006
ce-c1-007
ce-c1-008
ce-c1-009
ce-c1-010
ce-c1-011
ce-c2-001
ce-c2-002
ce-c2-003
reading-index
strategy-ce-01
strategy-ce-distractor-pointer
strategy-ce-speed-01
