vocab-coll-01
vocab-coll-02
vocab-coll-03
vocab-coll-04
vocab-coll-05
vocab-coll-06
vocab-coll-07
vocab-coll-08
vocab-coll-09
vocab-coll-10
vocab-coll-11
vocab-coll-12
vocab-coll-13
vocab-coll-14
vocab-coll-15
vocab-coll-index
vocab-culture-01
vocab-economie-01
vocab-environnement-01
vocab-etudes-01
vocab-famille-01
vocab-freq-01
vocab-freq-02
vocab-freq-03
vocab-freq-04
vocab-freq-05
vocab-freq-06
vocab-freq-07
vocab-freq-08
vocab-freq-09
vocab-freq-10
vocab-freq-11
vocab-freq-12
vocab-freq-13
vocab-freq-14
vocab-freq-15
vocab-freq-16
vocab-freq-17
vocab-freq-18
vocab-freq-19
vocab-freq-20
vocab-freq-21
vocab-freq-22
vocab-freq-23
vocab-freq-24
vocab-freq-25
vocab-freq-26
vocab-freq-27
vocab-freq-28
vocab-freq-29
vocab-freq-30
vocab-freq-index
vocab-index
vocab-logement-01
vocab-medias-01
vocab-migrations-01
vocab-sante-01
vocab-societe-01
vocab-technologie-01
vocab-thematic-index
vocab-travail-01
