cheatsheet-anti-anglicismes
cheatsheet-connecteurs-b2
cheatsheet-connecteurs-c1
cheatsheet-distractor-anatomy
cheatsheet-hypothese
cheatsheet-liaisons
cheatsheet-phonologie-minimal-pairs
cheatsheet-pivots-ee-t3
cheatsheet-pivots-eo-t3
cheatsheet-quebec-france
cheatsheet-subjonctif
cheatsheet-vocabulaire-argumentation
cheatsheets-index
